# This file is automatically @generated by Poetry 2.2.1 and should not be changed by hand.

[[package]]
name = "asyncio"
version = "4.0.0"
description = "Deprecated backport of asyncio; use the stdlib package instead"
optional = false
python-versions = ">=3.4"
groups = ["main"]
files = [
    {file = "asyncio-4.0.0-py3-none-any.whl", hash = "sha256:c1eddb0659231837046809e68103969b2bef8b0400d59cfa6363f6b5ed8cc88b"},
    {file = "asyncio-4.0.0.tar.gz", hash = "sha256:570cd9e50db83bc1629152d4d0b7558d6451bb1bfd5dfc2e935d96fc2f40329b"},
]

[metadata]
lock-version = "2.1"
python-versions = ">=3.8"
content-hash = "b2ef8f10254c06e609fbb316afe2cf08c98156a57674f1076ceff235c37a0a6d"
